
Microsoft Visual Studio Solution File, Format Version 12.00
# Visual Studio 15
VisualStudioVersion = 15.0.28307.329
MinimumVisualStudioVersion = 10.0.40219.1
Project("{FAE04EC0-301F-11D3-BF4B-00C04F79EFBC}") = "TCPExample", "TCPExample\TCPExample.csproj", "{32EDD710-AB6B-4416-8552-D8FABA23B737}"
EndProject
Global
	GlobalSection(SolutionConfigurationPlatforms) = preSolution
		Debug|Any CPU = Debug|Any CPU
		Release|Any CPU = Release|Any CPU
	EndGlobalSection
	GlobalSection(ProjectConfigurationPlatforms) = postSolution
		{32EDD710-AB6B-4416-8552-D8FABA23B737}.Debug|Any CPU.ActiveCfg = Debug|Any CPU
		{32EDD710-AB6B-4416-8552-D8FABA23B737}.Debug|Any CPU.Build.0 = Debug|Any CPU
		{32EDD710-AB6B-4416-8552-D8FABA23B737}.Release|Any CPU.ActiveCfg = Release|Any CPU
		{32EDD710-AB6B-4416-8552-D8FABA23B737}.Release|Any CPU.Build.0 = Release|Any CPU
	EndGlobalSection
	GlobalSection(SolutionProperties) = preSolution
		HideSolutionNode = FALSE
	EndGlobalSection
	GlobalSection(ExtensibilityGlobals) = postSolution
		SolutionGuid = {2FBD4D04-8EB9-4C7F-8F94-4876288A5C3B}
	EndGlobalSection
EndGlobal
